<?xml version="1.0" encoding="utf-8"?>
<Project ToolsVersion="4.0" xmlns="http://schemas.microsoft.com/developer/msbuild/2003">
  <ItemGroup>
    <ClCompile Include="..\apengine\app\QApp.cpp">
      <Filter>apengine\app</Filter>
    </ClCompile>
    <ClCompile Include="..\apengine\graphics\window\GLWindow.cpp">
      <Filter>apengine\graphics\window</Filter>
    </ClCompile>
    <ClCompile Include="..\apengine\graphics\window\QWnd.cpp">
      <Filter>apengine\graphics\window</Filter>
    </ClCompile>
    <ClCompile Include="Main.cpp">
      <Filter>main</Filter>
    </ClCompile>
    <ClCompile Include="..\apengine\maths\vec2.cpp">
      <Filter>apengine\maths</Filter>
    </ClCompile>
    <ClCompile Include="..\apengine\maths\vec3.cpp">
      <Filter>apengine\maths</Filter>
    </ClCompile>
    <ClCompile Include="..\apengine\maths\vec4.cpp">
      <Filter>apengine\maths</Filter>
    </ClCompile>
    <ClCompile Include="..\apengine\maths\mat4.cpp">
      <Filter>apengine\maths</Filter>
    </ClCompile>
    <ClCompile Include="AppDelegate.cpp">
      <Filter>src</Filter>
    </ClCompile>
    <ClCompile Include="..\apengine\graphics\shader\shader.cpp">
      <Filter>apengine\graphics\shader</Filter>
    </ClCompile>
    <ClCompile Include="..\apengine\graphics\buffers\buffer.cpp">
      <Filter>apengine\graphics\buffers</Filter>
    </ClCompile>
    <ClCompile Include="..\apengine\graphics\buffers\vertexarray.cpp">
      <Filter>apengine\graphics\buffers</Filter>
    </ClCompile>
    <ClCompile Include="..\apengine\graphics\buffers\indexbuffer.cpp">
      <Filter>apengine\graphics\buffers</Filter>
    </ClCompile>
    <ClCompile Include="..\apengine\graphics\render2D\render2D.cpp">
      <Filter>apengine\graphics\render2D</Filter>
    </ClCompile>
    <ClCompile Include="..\apengine\graphics\render2D\renderable2D.cpp">
      <Filter>apengine\graphics\render2D</Filter>
    </ClCompile>
    <ClCompile Include="..\apengine\graphics\render2D\batch2DRender.cpp">
      <Filter>apengine\graphics\render2D</Filter>
    </ClCompile>
    <ClCompile Include="..\apengine\graphics\render2D\simple2DRender.cpp">
      <Filter>apengine\graphics\render2D</Filter>
    </ClCompile>
    <ClCompile Include="MainScene3D.cpp">
      <Filter>src</Filter>
    </ClCompile>
    <ClCompile Include="MainScene2D.cpp">
      <Filter>src</Filter>
    </ClCompile>
    <ClCompile Include="..\apengine\graphics\render3D\Vertex.cpp">
      <Filter>apengine\graphics\render3D</Filter>
    </ClCompile>
    <ClCompile Include="..\apengine\graphics\render3D\Mesh.cpp">
      <Filter>apengine\graphics\render3D</Filter>
    </ClCompile>
    <ClCompile Include="..\apengine\graphics\render2D\layer.cpp">
      <Filter>apengine\graphics\render2D\layers</Filter>
    </ClCompile>
    <ClCompile Include="..\apengine\graphics\render2D\tilelayer.cpp">
      <Filter>apengine\graphics\render2D\layers</Filter>
    </ClCompile>
    <ClCompile Include="..\apengine\graphics\render2D\group.cpp">
      <Filter>apengine\graphics\render2D\layers</Filter>
    </ClCompile>
    <ClCompile Include="..\apengine\graphics\render2D\texture.cpp">
      <Filter>apengine\graphics\render2D</Filter>
    </ClCompile>
    <ClCompile Include="..\apengine\graphics\render2D\batchSprite.cpp">
      <Filter>apengine\graphics\render2D</Filter>
    </ClCompile>
    <ClCompile Include="..\apengine\graphics\render2D\simpleSprite.cpp">
      <Filter>apengine\graphics\render2D</Filter>
    </ClCompile>
  </ItemGroup>
  <ItemGroup>
    <ClInclude Include="..\apengine\app\QApp.h">
      <Filter>apengine\app</Filter>
    </ClInclude>
    <ClInclude Include="..\apengine\graphics\window\GLWindow.h">
      <Filter>apengine\graphics\window</Filter>
    </ClInclude>
    <ClInclude Include="..\apengine\graphics\window\QWnd.h">
      <Filter>apengine\graphics\window</Filter>
    </ClInclude>
    <ClInclude Include="..\apengine\apengine.h">
      <Filter>apengine</Filter>
    </ClInclude>
    <ClInclude Include="Main.h">
      <Filter>main</Filter>
    </ClInclude>
    <ClInclude Include="..\apengine\input\Key_map.h">
      <Filter>apengine\input</Filter>
    </ClInclude>
    <ClInclude Include="..\apengine\maths\vec2.h">
      <Filter>apengine\maths</Filter>
    </ClInclude>
    <ClInclude Include="..\apengine\maths\vec3.h">
      <Filter>apengine\maths</Filter>
    </ClInclude>
    <ClInclude Include="..\apengine\maths\vec4.h">
      <Filter>apengine\maths</Filter>
    </ClInclude>
    <ClInclude Include="..\apengine\maths\mat4.h">
      <Filter>apengine\maths</Filter>
    </ClInclude>
    <ClInclude Include="..\apengine\maths\maths.h">
      <Filter>apengine\maths</Filter>
    </ClInclude>
    <ClInclude Include="AppDelegate.h">
      <Filter>src</Filter>
    </ClInclude>
    <ClInclude Include="..\apengine\utils\FileUtils.h">
      <Filter>apengine\utils</Filter>
    </ClInclude>
    <ClInclude Include="..\apengine\graphics\shader\shader.h">
      <Filter>apengine\graphics\shader</Filter>
    </ClInclude>
    <ClInclude Include="..\apengine\graphics\buffers\buffer.h">
      <Filter>apengine\graphics\buffers</Filter>
    </ClInclude>
    <ClInclude Include="..\apengine\graphics\buffers\vertexarray.h">
      <Filter>apengine\graphics\buffers</Filter>
    </ClInclude>
    <ClInclude Include="..\apengine\graphics\buffers\indexbuffer.h">
      <Filter>apengine\graphics\buffers</Filter>
    </ClInclude>
    <ClInclude Include="..\apengine\graphics\render2D\render2D.h">
      <Filter>apengine\graphics\render2D</Filter>
    </ClInclude>
    <ClInclude Include="..\apengine\graphics\render2D\renderable2D.h">
      <Filter>apengine\graphics\render2D</Filter>
    </ClInclude>
    <ClInclude Include="..\apengine\maths\MathUtils.h">
      <Filter>apengine\maths</Filter>
    </ClInclude>
    <ClInclude Include="..\apengine\graphics\render2D\batch2DRender.h">
      <Filter>apengine\graphics\render2D</Filter>
    </ClInclude>
    <ClInclude Include="..\apengine\graphics\render2D\simple2DRender.h">
      <Filter>apengine\graphics\render2D</Filter>
    </ClInclude>
    <ClInclude Include="..\apengine\utils\timer.h">
      <Filter>apengine\utils</Filter>
    </ClInclude>
    <ClInclude Include="MainScene3D.h">
      <Filter>src</Filter>
    </ClInclude>
    <ClInclude Include="MainScene2D.h">
      <Filter>src</Filter>
    </ClInclude>
    <ClInclude Include="..\apengine\graphics\render3D\Vertex.h">
      <Filter>apengine\graphics\render3D</Filter>
    </ClInclude>
    <ClInclude Include="..\apengine\graphics\render3D\Mesh.h">
      <Filter>apengine\graphics\render3D</Filter>
    </ClInclude>
    <ClInclude Include="..\apengine\graphics\render2D\layer.h">
      <Filter>apengine\graphics\render2D\layers</Filter>
    </ClInclude>
    <ClInclude Include="..\apengine\graphics\render2D\tilelayer.h">
      <Filter>apengine\graphics\render2D\layers</Filter>
    </ClInclude>
    <ClInclude Include="..\apengine\graphics\render2D\group.h">
      <Filter>apengine\graphics\render2D\layers</Filter>
    </ClInclude>
    <ClInclude Include="..\apengine\utils\ImageLoad.h">
      <Filter>apengine\utils</Filter>
    </ClInclude>
    <ClInclude Include="..\apengine\graphics\render2D\texture.h">
      <Filter>apengine\graphics\render2D</Filter>
    </ClInclude>
    <ClInclude Include="..\apengine\graphics\render2D\batchSprite.h">
      <Filter>apengine\graphics\render2D</Filter>
    </ClInclude>
    <ClInclude Include="..\apengine\graphics\render2D\simpleSprite.h">
      <Filter>apengine\graphics\render2D</Filter>
    </ClInclude>
  </ItemGroup>
  <ItemGroup>
    <Filter Include="apengine">
      <UniqueIdentifier>{dad724d3-44d6-4aa8-bf28-485dff5c7245}</UniqueIdentifier>
    </Filter>
    <Filter Include="apengine\app">
      <UniqueIdentifier>{bf681aee-4b66-44ae-a0af-fa2ede70b2e3}</UniqueIdentifier>
    </Filter>
    <Filter Include="apengine\graphics">
      <UniqueIdentifier>{02c20892-9bc4-455b-92bd-f4ab09603f9a}</UniqueIdentifier>
    </Filter>
    <Filter Include="apengine\utils">
      <UniqueIdentifier>{6f792a41-61f8-447b-a1dd-0454206284d6}</UniqueIdentifier>
    </Filter>
    <Filter Include="apengine\maths">
      <UniqueIdentifier>{8c0fc2ad-efe5-4930-a1b3-635f6f254895}</UniqueIdentifier>
    </Filter>
    <Filter Include="apengine\audio">
      <UniqueIdentifier>{7ce1c8e5-96a2-4b2f-a668-d591b2abf09c}</UniqueIdentifier>
    </Filter>
    <Filter Include="apengine\graphics\window">
      <UniqueIdentifier>{0036d485-1c26-4b44-92dc-09b7c31b3ad3}</UniqueIdentifier>
    </Filter>
    <Filter Include="main">
      <UniqueIdentifier>{911b9466-aa91-40f0-aebb-191868b4bc08}</UniqueIdentifier>
    </Filter>
    <Filter Include="apengine\input">
      <UniqueIdentifier>{4c49349e-3743-4a87-93a2-4e9eb5447bb4}</UniqueIdentifier>
    </Filter>
    <Filter Include="src">
      <UniqueIdentifier>{f8b4aef9-9ef7-443c-a8b9-66851a4e6da8}</UniqueIdentifier>
    </Filter>
    <Filter Include="apengine\graphics\shader">
      <UniqueIdentifier>{8ba7d7f2-e842-4d50-acf1-1caa543cf3ab}</UniqueIdentifier>
    </Filter>
    <Filter Include="apengine\graphics\buffers">
      <UniqueIdentifier>{0edb7ae4-889b-4912-905a-92eb07f3b4fe}</UniqueIdentifier>
    </Filter>
    <Filter Include="apengine\graphics\render2D">
      <UniqueIdentifier>{a4e63e03-94f7-40cc-95a5-840cdac66400}</UniqueIdentifier>
    </Filter>
    <Filter Include="apengine\graphics\render3D">
      <UniqueIdentifier>{d43277c0-3692-41c0-aef3-6ee5abad54d8}</UniqueIdentifier>
    </Filter>
    <Filter Include="apengine\graphics\render2D\layers">
      <UniqueIdentifier>{05bb2847-6554-4f6a-b741-4019cf858a3e}</UniqueIdentifier>
    </Filter>
  </ItemGroup>
</Project>